// !$*UTF8*$!
{
	archiveVersion = 1;
	classes = {
	};
	objectVersion = 48;
	objects = {

/* Begin PBXBuildFile section */
		2C14BA6F1F804B9700414534 /* AppDelegate.swift in Sources */ = {isa = PBXBuildFile; fileRef = 2C14BA6E1F804B9700414534 /* AppDelegate.swift */; };
		2C14BA711F804B9700414534 /* ViewController.swift in Sources */ = {isa = PBXBuildFile; fileRef = 2C14BA701F804B9700414534 /* ViewController.swift */; };
		2C14BA741F804B9700414534 /* Main.storyboard in Resources */ = {isa = PBXBuildFile; fileRef = 2C14BA721F804B9700414534 /* Main.storyboard */; };
		2C14BA761F804B9700414534 /* Assets.xcassets in Resources */ = {isa = PBXBuildFile; fileRef = 2C14BA751F804B9700414534 /* Assets.xcassets */; };
		2C14BA791F804B9700414534 /* LaunchScreen.storyboard in Resources */ = {isa = PBXBuildFile; fileRef = 2C14BA771F804B9700414534 /* LaunchScreen.storyboard */; };
		2C14BA841F804B9700414534 /* Lab3attempt2Tests.swift in Sources */ = {isa = PBXBuildFile; fileRef = 2C14BA831F804B9700414534 /* Lab3attempt2Tests.swift */; };
		2C14BA8F1F804B9700414534 /* Lab3attempt2UITests.swift in Sources */ = {isa = PBXBuildFile; fileRef = 2C14BA8E1F804B9700414534 /* Lab3attempt2UITests.swift */; };
		2C14BA9D1F804C3500414534 /* drawView.swift in Sources */ = {isa = PBXBuildFile; fileRef = 2C14BA9C1F804C3500414534 /* drawView.swift */; };
		2C14BA9F1F82D7FB00414534 /* Path.swift in Sources */ = {isa = PBXBuildFile; fileRef = 2C14BA9E1F82D7FB00414534 /* Path.swift */; };
/* End PBXBuildFile section */

/* Begin PBXContainerItemProxy section */
		2C14BA801F804B9700414534 /* PBXContainerItemProxy */ = {
			isa = PBXContainerItemProxy;
			containerPortal = 2C14BA631F804B9600414534 /* Project object */;
			proxyType = 1;
			remoteGlobalIDString = 2C14BA6A1F804B9700414534;
			remoteInfo = Lab3attempt2;
		};
		2C14BA8B1F804B9700414534 /* PBXContainerItemProxy */ = {
			isa = PBXContainerItemProxy;
			containerPortal = 2C14BA631F804B9600414534 /* Project object */;
			proxyType = 1;
			remoteGlobalIDString = 2C14BA6A1F804B9700414534;
			remoteInfo = Lab3attempt2;
		};
/* End PBXContainerItemProxy section */

/* Begin PBXFileReference section */
		2C14BA6B1F804B9700414534 /* Lab3attempt2.app */ = {isa = PBXFileReference; explicitFileType = wrapper.application; includeInIndex = 0; path = Lab3attempt2.app; sourceTree = BUILT_PRODUCTS_DIR; };
		2C14BA6E1F804B9700414534 /* AppDelegate.swift */ = {isa = PBXFileReference; lastKnownFileType = sourcecode.swift; path = AppDelegate.swift; sourceTree = "<group>"; };
		2C14BA701F804B9700414534 /* ViewController.swift */ = {isa = PBXFileReference; lastKnownFileType = sourcecode.swift; path = ViewController.swift; sourceTree = "<group>"; };
		2C14BA731F804B9700414534 /* Base */ = {isa = PBXFileReference; lastKnownFileType = file.storyboard; name = Base; path = Base.lproj/Main.storyboard; sourceTree = "<group>"; };
		2C14BA751F804B9700414534 /* Assets.xcassets */ = {isa = PBXFileReference; lastKnownFileType = folder.assetcatalog; path = Assets.xcassets; sourceTree = "<group>"; };
		2C14BA781F804B9700414534 /* Base */ = {isa = PBXFileReference; lastKnownFileType = file.storyboard; name = Base; path = Base.lproj/LaunchScreen.storyboard; sourceTree = "<group>"; };
		2C14BA7A1F804B9700414534 /* Info.plist */ = {isa = PBXFileReference; lastKnownFileType = text.plist.xml; path = Info.plist; sourceTree = "<group>"; };
		2C14BA7F1F804B9700414534 /* Lab3attempt2Tests.xctest */ = {isa = PBXFileReference; explicitFileType = wrapper.cfbundle; includeInIndex = 0; path = Lab3attempt2Tests.xctest; sourceTree = BUILT_PRODUCTS_DIR; };
		2C14BA831F804B9700414534 /* Lab3attempt2Tests.swift */ = {isa = PBXFileReference; lastKnownFileType = sourcecode.swift; path = Lab3attempt2Tests.swift; sourceTree = "<group>"; };
		2C14BA851F804B9700414534 /* Info.plist */ = {isa = PBXFileReference; lastKnownFileType = text.plist.xml; path = Info.plist; sourceTree = "<group>"; };
		2C14BA8A1F804B9700414534 /* Lab3attempt2UITests.xctest */ = {isa = PBXFileReference; explicitFileType = wrapper.cfbundle; includeInIndex = 0; path = Lab3attempt2UITests.xctest; sourceTree = BUILT_PRODUCTS_DIR; };
		2C14BA8E1F804B9700414534 /* Lab3attempt2UITests.swift */ = {isa = PBXFileReference; lastKnownFileType = sourcecode.swift; path = Lab3attempt2UITests.swift; sourceTree = "<group>"; };
		2C14BA901F804B9700414534 /* Info.plist */ = {isa = PBXFileReference; lastKnownFileType = text.plist.xml; path = Info.plist; sourceTree = "<group>"; };
		2C14BA9C1F804C3500414534 /* drawView.swift */ = {isa = PBXFileReference; lastKnownFileType = sourcecode.swift; path = drawView.swift; sourceTree = "<group>"; };
		2C14BA9E1F82D7FB00414534 /* Path.swift */ = {isa = PBXFileReference; lastKnownFileType = sourcecode.swift; path = Path.swift; sourceTree = "<group>"; };
/* End PBXFileReference section */

/* Begin PBXFrameworksBuildPhase section */
		2C14BA681F804B9700414534 /* Frameworks */ = {
			isa = PBXFrameworksBuildPhase;
			buildActionMask = 2147483647;
			files = (
			);
			runOnlyForDeploymentPostprocessing = 0;
		};
		2C14BA7C1F804B9700414534 /* Frameworks */ = {
			isa = PBXFrameworksBuildPhase;
			buildActionMask = 2147483647;
			files = (
			);
			runOnlyForDeploymentPostprocessing = 0;
		};
		2C14BA871F804B9700414534 /* Frameworks */ = {
			isa = PBXFrameworksBuildPhase;
			buildActionMask = 2147483647;
			files = (
			);
			runOnlyForDeploymentPostprocessing = 0;
		};
/* End PBXFrameworksBuildPhase section */

/* Begin PBXGroup section */
		2C14BA621F804B9600414534 = {
			isa = PBXGroup;
			children = (
				2C14BA6D1F804B9700414534 /* Lab3attempt2 */,
				2C14BA821F804B9700414534 /* Lab3attempt2Tests */,
				2C14BA8D1F804B9700414534 /* Lab3attempt2UITests */,
				2C14BA6C1F804B9700414534 /* Products */,
			);
			sourceTree = "<group>";
		};
		2C14BA6C1F804B9700414534 /* Products */ = {
			isa = PBXGroup;
			children = (
				2C14BA6B1F804B9700414534 /* Lab3attempt2.app */,
				2C14BA7F1F804B9700414534 /* Lab3attempt2Tests.xctest */,
				2C14BA8A1F804B9700414534 /* Lab3attempt2UITests.xctest */,
			);
			name = Products;
			sourceTree = "<group>";
		};
		2C14BA6D1F804B9700414534 /* Lab3attempt2 */ = {
			isa = PBXGroup;
			children = (
				2C14BA6E1F804B9700414534 /* AppDelegate.swift */,
				2C14BA701F804B9700414534 /* ViewController.swift */,
				2C14BA9E1F82D7FB00414534 /* Path.swift */,
				2C14BA9C1F804C3500414534 /* drawView.swift */,
				2C14BA721F804B9700414534 /* Main.storyboard */,
				2C14BA751F804B9700414534 /* Assets.xcassets */,
				2C14BA771F804B9700414534 /* LaunchScreen.storyboard */,
				2C14BA7A1F804B9700414534 /* Info.plist */,
			);
			path = Lab3attempt2;
			sourceTree = "<group>";
		};
		2C14BA821F804B9700414534 /* Lab3attempt2Tests */ = {
			isa = PBXGroup;
			children = (
				2C14BA831F804B9700414534 /* Lab3attempt2Tests.swift */,
				2C14BA851F804B9700414534 /* Info.plist */,
			);
			path = Lab3attempt2Tests;
			sourceTree = "<group>";
		};
		2C14BA8D1F804B9700414534 /* Lab3attempt2UITests */ = {
			isa = PBXGroup;
			children = (
				2C14BA8E1F804B9700414534 /* Lab3attempt2UITests.swift */,
				2C14BA901F804B9700414534 /* Info.plist */,
			);
			path = Lab3attempt2UITests;
			sourceTree = "<group>";
		};
/* End PBXGroup section */

/* Begin PBXNativeTarget section */
		2C14BA6A1F804B9700414534 /* Lab3attempt2 */ = {
			isa = PBXNativeTarget;
			buildConfigurationList = 2C14BA931F804B9700414534 /* Build configuration list for PBXNativeTarget "Lab3attempt2" */;
			buildPhases = (
				2C14BA671F804B9700414534 /* Sources */,
				2C14BA681F804B9700414534 /* Frameworks */,
				2C14BA691F804B9700414534 /* Resources */,
			);
			buildRules = (
			);
			dependencies = (
			);
			name = Lab3attempt2;
			productName = Lab3attempt2;
			productReference = 2C14BA6B1F804B9700414534 /* Lab3attempt2.app */;
			productType = "com.apple.product-type.application";
		};
		2C14BA7E1F804B9700414534 /* Lab3attempt2Tests */ = {
			isa = PBXNativeTarget;
			buildConfigurationList = 2C14BA961F804B9700414534 /* Build configuration list for PBXNativeTarget "Lab3attempt2Tests" */;
			buildPhases = (
				2C14BA7B1F804B9700414534 /* Sources */,
				2C14BA7C1F804B9700414534 /* Frameworks */,
				2C14BA7D1F804B9700414534 /* Resources */,
			);
			buildRules = (
			);
			dependencies = (
				2C14BA811F804B9700414534 /* PBXTargetDependency */,
			);
			name = Lab3attempt2Tests;
			productName = Lab3attempt2Tests;
			productReference = 2C14BA7F1F804B9700414534 /* Lab3attempt2Tests.xctest */;
			productType = "com.apple.product-type.bundle.unit-test";
		};
		2C14BA891F804B9700414534 /* Lab3attempt2UITests */ = {
			isa = PBXNativeTarget;
			buildConfigurationList = 2C14BA991F804B9700414534 /* Build configuration list for PBXNativeTarget "Lab3attempt2UITests" */;
			buildPhases = (
				2C14BA861F804B9700414534 /* Sources */,
				2C14BA871F804B9700414534 /* Frameworks */,
				2C14BA881F804B9700414534 /* Resources */,
			);
			buildRules = (
			);
			dependencies = (
				2C14BA8C1F804B9700414534 /* PBXTargetDependency */,
			);
			name = Lab3attempt2UITests;
			productName = Lab3attempt2UITests;
			productReference = 2C14BA8A1F804B9700414534 /* Lab3attempt2UITests.xctest */;
			productType = "com.apple.product-type.bundle.ui-testing";
		};
/* End PBXNativeTarget section */

/* Begin PBXProject section */
		2C14BA631F804B9600414534 /* Project object */ = {
			isa = PBXProject;
			attributes = {
				LastSwiftUpdateCheck = 0900;
				LastUpgradeCheck = 0900;
				ORGANIZATIONNAME = "Eddie Livingstone";
				TargetAttributes = {
					2C14BA6A1F804B9700414534 = {
						CreatedOnToolsVersion = 9.0;
						ProvisioningStyle = Automatic;
					};
					2C14BA7E1F804B9700414534 = {
						CreatedOnToolsVersion = 9.0;
						ProvisioningStyle = Automatic;
						TestTargetID = 2C14BA6A1F804B9700414534;
					};
					2C14BA891F804B9700414534 = {
						CreatedOnToolsVersion = 9.0;
						ProvisioningStyle = Automatic;
						TestTargetID = 2C14BA6A1F804B9700414534;
					};
				};
			};
			buildConfigurationList = 2C14BA661F804B9600414534 /* Build configuration list for PBXProject "Lab3attempt2" */;
			compatibilityVersion = "Xcode 8.0";
			developmentRegion = en;
			hasScannedForEncodings = 0;
			knownRegions = (
				en,
				Base,
			);
			mainGroup = 2C14BA621F804B9600414534;
			productRefGroup = 2C14BA6C1F804B9700414534 /* Products */;
			projectDirPath = "";
			projectRoot = "";
			targets = (
				2C14BA6A1F804B9700414534 /* Lab3attempt2 */,
				2C14BA7E1F804B9700414534 /* Lab3attempt2Tests */,
				2C14BA891F804B9700414534 /* Lab3attempt2UITests */,
			);
		};
/* End PBXProject section */

/* Begin PBXResourcesBuildPhase section */
		2C14BA691F804B9700414534 /* Resources */ = {
			isa = PBXResourcesBuildPhase;
			buildActionMask = 2147483647;
			files = (
				2C14BA791F804B9700414534 /* LaunchScreen.storyboard in Resources */,
				2C14BA761F804B9700414534 /* Assets.xcassets in Resources */,
				2C14BA741F804B9700414534 /* Main.storyboard in Resources */,
			);
			runOnlyForDeploymentPostprocessing = 0;
		};
		2C14BA7D1F804B9700414534 /* Resources */ = {
			isa = PBXResourcesBuildPhase;
			buildActionMask = 2147483647;
			files = (
			);
			runOnlyForDeploymentPostprocessing = 0;
		};
		2C14BA881F804B9700414534 /* Resources */ = {
			isa = PBXResourcesBuildPhase;
			buildActionMask = 2147483647;
			files = (
			);
			runOnlyForDeploymentPostprocessing = 0;
		};
/* End PBXResourcesBuildPhase section */

/* Begin PBXSourcesBuildPhase section */
		2C14BA671F804B9700414534 /* Sources */ = {
			isa = PBXSourcesBuildPhase;
			buildActionMask = 2147483647;
			files = (
				2C14BA9D1F804C3500414534 /* drawView.swift in Sources */,
				2C14BA711F804B9700414534 /* ViewController.swift in Sources */,
				2C14BA9F1F82D7FB00414534 /* Path.swift in Sources */,
				2C14BA6F1F804B9700414534 /* AppDelegate.swift in Sources */,
			);
			runOnlyForDeploymentPostprocessing = 0;
		};
		2C14BA7B1F804B9700414534 /* Sources */ = {
			isa = PBXSourcesBuildPhase;
			buildActionMask = 2147483647;
			files = (
				2C14BA841F804B9700414534 /* Lab3attempt2Tests.swift in Sources */,
			);
			runOnlyForDeploymentPostprocessing = 0;
		};
		2C14BA861F804B9700414534 /* Sources */ = {
			isa = PBXSourcesBuildPhase;
			buildActionMask = 2147483647;
			files = (
				2C14BA8F1F804B9700414534 /* Lab3attempt2UITests.swift in Sources */,
			);
			runOnlyForDeploymentPostprocessing = 0;
		};
/* End PBXSourcesBuildPhase section */

/* Begin PBXTargetDependency section */
		2C14BA811F804B9700414534 /* PBXTargetDependency */ = {
			isa = PBXTargetDependency;
			target = 2C14BA6A1F804B9700414534 /* Lab3attempt2 */;
			targetProxy = 2C14BA801F804B9700414534 /* PBXContainerItemProxy */;
		};
		2C14BA8C1F804B9700414534 /* PBXTargetDependency */ = {
			isa = PBXTargetDependency;
			target = 2C14BA6A1F804B9700414534 /* Lab3attempt2 */;
			targetProxy = 2C14BA8B1F804B9700414534 /* PBXContainerItemProxy */;
		};
/* End PBXTargetDependency section */

/* Begin PBXVariantGroup section */
		2C14BA721F804B9700414534 /* Main.storyboard */ = {
			isa = PBXVariantGroup;
			children = (
				2C14BA731F804B9700414534 /* Base */,
			);
			name = Main.storyboard;
			sourceTree = "<group>";
		};
		2C14BA771F804B9700414534 /* LaunchScreen.storyboard */ = {
			isa = PBXVariantGroup;
			children = (
				2C14BA781F804B9700414534 /* Base */,
			);
			name = LaunchScreen.storyboard;
			sourceTree = "<group>";
		};
/* End PBXVariantGroup section */

/* Begin XCBuildConfiguration section */
		2C14BA911F804B9700414534 /* Debug */ = {
			isa = XCBuildConfiguration;
			buildSettings = {
				ALWAYS_SEARCH_USER_PATHS = NO;
				CLANG_ANALYZER_NONNULL = YES;
				CLANG_ANALYZER_NUMBER_OBJECT_CONVERSION = YES_AGGRESSIVE;
				CLANG_CXX_LANGUAGE_STANDARD = "gnu++14";
				CLANG_CXX_LIBRARY = "libc++";
				CLANG_ENABLE_MODULES = YES;
				CLANG_ENABLE_OBJC_ARC = YES;
				CLANG_WARN_BLOCK_CAPTURE_AUTORELEASING = YES;
				CLANG_WARN_BOOL_CONVERSION = YES;
				CLANG_WARN_COMMA = YES;
				CLANG_WARN_CONSTANT_CONVERSION = YES;
				CLANG_WARN_DIRECT_OBJC_ISA_USAGE = YES_ERROR;
				CLANG_WARN_DOCUMENTATION_COMMENTS = YES;
				CLANG_WARN_EMPTY_BODY = YES;
				CLANG_WARN_ENUM_CONVERSION = YES;
				CLANG_WARN_INFINITE_RECURSION = YES;
				CLANG_WARN_INT_CONVERSION = YES;
				CLANG_WARN_NON_LITERAL_NULL_CONVERSION = YES;
				CLANG_WARN_OBJC_LITERAL_CONVERSION = YES;
				CLANG_WARN_OBJC_ROOT_CLASS = YES_ERROR;
				CLANG_WARN_RANGE_LOOP_ANALYSIS = YES;
				CLANG_WARN_STRICT_PROTOTYPES = YES;
				CLANG_WARN_SUSPICIOUS_MOVE = YES;
				CLANG_WARN_UNGUARDED_AVAILABILITY = YES_AGGRESSIVE;
				CLANG_WARN_UNREACHABLE_CODE = YES;
				CLANG_WARN__DUPLICATE_METHOD_MATCH = YES;
				CODE_SIGN_IDENTITY = "iPhone Developer";
				COPY_PHASE_STRIP = NO;
				DEBUG_INFORMATION_FORMAT = dwarf;
				ENABLE_STRICT_OBJC_MSGSEND = YES;
				ENABLE_TESTABILITY = YES;
				GCC_C_LANGUAGE_STANDARD = gnu11;
				GCC_DYNAMIC_NO_PIC = NO;
				GCC_NO_COMMON_BLOCKS = YES;
				GCC_OPTIMIZATION_LEVEL = 0;
				GCC_PREPROCESSOR_DEFINITIONS = (
					"DEBUG=1",
					"$(inherited)",
				);
				GCC_WARN_64_TO_32_BIT_CONVERSION = YES;
				GCC_WARN_ABOUT_RETURN_TYPE = YES_ERROR;
				GCC_WARN_UNDECLARED_SELECTOR = YES;
				GCC_WARN_UNINITIALIZED_AUTOS = YES_AGGRESSIVE;
				GCC_WARN_UNUSED_FUNCTION = YES;
				GCC_WARN_UNUSED_VARIABLE = YES;
				IPHONEOS_DEPLOYMENT_TARGET = 11.0;
				MTL_ENABLE_DEBUG_INFO = YES;
				ONLY_ACTIVE_ARCH = YES;
				SDKROOT = iphoneos;
				SWIFT_ACTIVE_COMPILATION_CONDITIONS = DEBUG;
				SWIFT_OPTIMIZATION_LEVEL = "-Onone";
			};
			name = Debug;
		};
		2C14BA921F804B9700414534 /* Release */ = {
			isa = XCBuildConfiguration;
			buildSettings = {
				ALWAYS_SEARCH_USER_PATHS = NO;
				CLANG_ANALYZER_NONNULL = YES;
				CLANG_ANALYZER_NUMBER_OBJECT_CONVERSION = YES_AGGRESSIVE;
				CLANG_CXX_LANGUAGE_STANDARD = "gnu++14";
				CLANG_CXX_LIBRARY = "libc++";
				CLANG_ENABLE_MODULES = YES;
				CLANG_ENABLE_OBJC_ARC = YES;
				CLANG_WARN_BLOCK_CAPTURE_AUTORELEASING = YES;
				CLANG_WARN_BOOL_CONVERSION = YES;
				CLANG_WARN_COMMA = YES;
				CLANG_WARN_CONSTANT_CONVERSION = YES;
				CLANG_WARN_DIRECT_OBJC_ISA_USAGE = YES_ERROR;
				CLANG_WARN_DOCUMENTATION_COMMENTS = YES;
				CLANG_WARN_EMPTY_BODY = YES;
				CLANG_WARN_ENUM_CONVERSION = YES;
				CLANG_WARN_INFINITE_RECURSION = YES;
				CLANG_WARN_INT_CONVERSION = YES;
				CLANG_WARN_NON_LITERAL_NULL_CONVERSION = YES;
				CLANG_WARN_OBJC_LITERAL_CONVERSION = YES;
				CLANG_WARN_OBJC_ROOT_CLASS = YES_ERROR;
				CLANG_WARN_RANGE_LOOP_ANALYSIS = YES;
				CLANG_WARN_STRICT_PROTOTYPES = YES;
				CLANG_WARN_SUSPICIOUS_MOVE = YES;
				CLANG_WARN_UNGUARDED_AVAILABILITY = YES_AGGRESSIVE;
				CLANG_WARN_UNREACHABLE_CODE = YES;
				CLANG_WARN__DUPLICATE_METHOD_MATCH = YES;
				CODE_SIGN_IDENTITY = "iPhone Developer";
				COPY_PHASE_STRIP = NO;
				DEBUG_INFORMATION_FORMAT = "dwarf-with-dsym";
				ENABLE_NS_ASSERTIONS = NO;
				ENABLE_STRICT_OBJC_MSGSEND = YES;
				GCC_C_LANGUAGE_STANDARD = gnu11;
				GCC_NO_COMMON_BLOCKS = YES;
				GCC_WARN_64_TO_32_BIT_CONVERSION = YES;
				GCC_WARN_ABOUT_RETURN_TYPE = YES_ERROR;
				GCC_WARN_UNDECLARED_SELECTOR = YES;
				GCC_WARN_UNINITIALIZED_AUTOS = YES_AGGRESSIVE;
				GCC_WARN_UNUSED_FUNCTION = YES;
				GCC_WARN_UNUSED_VARIABLE = YES;
				IPHONEOS_DEPLOYMENT_TARGET = 11.0;
				MTL_ENABLE_DEBUG_INFO = NO;
				SDKROOT = iphoneos;
				SWIFT_OPTIMIZATION_LEVEL = "-Owholemodule";
				VALIDATE_PRODUCT = YES;
			};
			name = Release;
		};
		2C14BA941F804B9700414534 /* Debug */ = {
			isa = XCBuildConfiguration;
			buildSettings = {
				ASSETCATALOG_COMPILER_APPICON_NAME = AppIcon;
				CODE_SIGN_STYLE = Automatic;
				DEVELOPMENT_TEAM = CTHYTJ7X2B;
				INFOPLIST_FILE = Lab3attempt2/Info.plist;
				LD_RUNPATH_SEARCH_PATHS = "$(inherited) @executable_path/Frameworks";
				PRODUCT_BUNDLE_IDENTIFIER = Eddie.Lab3attempt2;
				PRODUCT_NAME = "$(TARGET_NAME)";
				SWIFT_VERSION = 4.0;
				TARGETED_DEVICE_FAMILY = "1,2";
			};
			name = Debug;
		};
		2C14BA951F804B9700414534 /* Release */ = {
			isa = XCBuildConfiguration;
			buildSettings = {
				ASSETCATALOG_COMPILER_APPICON_NAME = AppIcon;
				CODE_SIGN_STYLE = Automatic;
				DEVELOPMENT_TEAM = CTHYTJ7X2B;
				INFOPLIST_FILE = Lab3attempt2/Info.plist;
				LD_RUNPATH_SEARCH_PATHS = "$(inherited) @executable_path/Frameworks";
				PRODUCT_BUNDLE_IDENTIFIER = Eddie.Lab3attempt2;
				PRODUCT_NAME = "$(TARGET_NAME)";
				SWIFT_VERSION = 4.0;
				TARGETED_DEVICE_FAMILY = "1,2";
			};
			name = Release;
		};
		2C14BA971F804B9700414534 /* Debug */ = {
			isa = XCBuildConfiguration;
			buildSettings = {
				ALWAYS_EMBED_SWIFT_STANDARD_LIBRARIES = YES;
				BUNDLE_LOADER = "$(TEST_HOST)";
				CODE_SIGN_STYLE = Automatic;
				DEVELOPMENT_TEAM = CTHYTJ7X2B;
				INFOPLIST_FILE = Lab3attempt2Tests/Info.plist;
				LD_RUNPATH_SEARCH_PATHS = "$(inherited) @executable_path/Frameworks @loader_path/Frameworks";
				PRODUCT_BUNDLE_IDENTIFIER = Eddie.Lab3attempt2Tests;
				PRODUCT_NAME = "$(TARGET_NAME)";
				SWIFT_VERSION = 4.0;
				TARGETED_DEVICE_FAMILY = "1,2";
				TEST_HOST = "$(BUILT_PRODUCTS_DIR)/Lab3attempt2.app/Lab3attempt2";
			};
			name = Debug;
		};
		2C14BA981F804B9700414534 /* Release */ = {
			isa = XCBuildConfiguration;
			buildSettings = {
				ALWAYS_EMBED_SWIFT_STANDARD_LIBRARIES = YES;
				BUNDLE_LOADER = "$(TEST_HOST)";
				CODE_SIGN_STYLE = Automatic;
				DEVELOPMENT_TEAM = CTHYTJ7X2B;
				INFOPLIST_FILE = Lab3attempt2Tests/Info.plist;
				LD_RUNPATH_SEARCH_PATHS = "$(inherited) @executable_path/Frameworks @loader_path/Frameworks";
				PRODUCT_BUNDLE_IDENTIFIER = Eddie.Lab3attempt2Tests;
				PRODUCT_NAME = "$(TARGET_NAME)";
				SWIFT_VERSION = 4.0;
				TARGETED_DEVICE_FAMILY = "1,2";
				TEST_HOST = "$(BUILT_PRODUCTS_DIR)/Lab3attempt2.app/Lab3attempt2";
			};
			name = Release;
		};
		2C14BA9A1F804B9700414534 /* Debug */ = {
			isa = XCBuildConfiguration;
			buildSettings = {
				ALWAYS_EMBED_SWIFT_STANDARD_LIBRARIES = YES;
				CODE_SIGN_STYLE = Automatic;
				DEVELOPMENT_TEAM = CTHYTJ7X2B;
				INFOPLIST_FILE = Lab3attempt2UITests/Info.plist;
				LD_RUNPATH_SEARCH_PATHS = "$(inherited) @executable_path/Frameworks @loader_path/Frameworks";
				PRODUCT_BUNDLE_IDENTIFIER = Eddie.Lab3attempt2UITests;
				PRODUCT_NAME = "$(TARGET_NAME)";
				SWIFT_VERSION = 4.0;
				TARGETED_DEVICE_FAMILY = "1,2";
				TEST_TARGET_NAME = Lab3attempt2;
			};
			name = Debug;
		};
		2C14BA9B1F804B9700414534 /* Release */ = {
			isa = XCBuildConfiguration;
			buildSettings = {
				ALWAYS_EMBED_SWIFT_STANDARD_LIBRARIES = YES;
				CODE_SIGN_STYLE = Automatic;
				DEVELOPMENT_TEAM = CTHYTJ7X2B;
				INFOPLIST_FILE = Lab3attempt2UITests/Info.plist;
				LD_RUNPATH_SEARCH_PATHS = "$(inherited) @executable_path/Frameworks @loader_path/Frameworks";
				PRODUCT_BUNDLE_IDENTIFIER = Eddie.Lab3attempt2UITests;
				PRODUCT_NAME = "$(TARGET_NAME)";
				SWIFT_VERSION = 4.0;
				TARGETED_DEVICE_FAMILY = "1,2";
				TEST_TARGET_NAME = Lab3attempt2;
			};
			name = Release;
		};
/* End XCBuildConfiguration section */

/* Begin XCConfigurationList section */
		2C14BA661F804B9600414534 /* Build configuration list for PBXProject "Lab3attempt2" */ = {
			isa = XCConfigurationList;
			buildConfigurations = (
				2C14BA911F804B9700414534 /* Debug */,
				2C14BA921F804B9700414534 /* Release */,
			);
			defaultConfigurationIsVisible = 0;
			defaultConfigurationName = Release;
		};
		2C14BA931F804B9700414534 /* Build configuration list for PBXNativeTarget "Lab3attempt2" */ = {
			isa = XCConfigurationList;
			buildConfigurations = (
				2C14BA941F804B9700414534 /* Debug */,
				2C14BA951F804B9700414534 /* Release */,
			);
			defaultConfigurationIsVisible = 0;
			defaultConfigurationName = Release;
		};
		2C14BA961F804B9700414534 /* Build configuration list for PBXNativeTarget "Lab3attempt2Tests" */ = {
			isa = XCConfigurationList;
			buildConfigurations = (
				2C14BA971F804B9700414534 /* Debug */,
				2C14BA981F804B9700414534 /* Release */,
			);
			defaultConfigurationIsVisible = 0;
			defaultConfigurationName = Release;
		};
		2C14BA991F804B9700414534 /* Build configuration list for PBXNativeTarget "Lab3attempt2UITests" */ = {
			isa = XCConfigurationList;
			buildConfigurations = (
				2C14BA9A1F804B9700414534 /* Debug */,
				2C14BA9B1F804B9700414534 /* Release */,
			);
			defaultConfigurationIsVisible = 0;
			defaultConfigurationName = Release;
		};
/* End XCConfigurationList section */
	};
	rootObject = 2C14BA631F804B9600414534 /* Project object */;
}
